Microsoft Visual Studio Solution File, Format Version 12.00
# Visual Studio 15
VisualStudioVersion = 15.0.26730.15
MinimumVisualStudioVersion = 15.0.26124.0
Project("{2150E333-8FDC-42A3-9474-1A3956D46DE8}") = "src", "src", "{757B1FB9-A488-4790-ACA9-026E7D530570}"
EndProject
Project("{9A19103F-16F7-4668-BE54-9A1E7A4F7556}") = "E5R.Sdk.Bit", "src\E5R.Sdk.Bit\E5R.Sdk.Bit.csproj", "{3329F328-85F0-4FFC-B4CB-B4A699616505}"
EndProject
Project("{9A19103F-16F7-4668-BE54-9A1E7A4F7556}") = "E5R.Tools.Bit", "src\E5R.Tools.Bit\E5R.Tools.Bit.csproj", "{9AE9B86C-D069-49B0-B728-8DA7C8697EF0}"
EndProject
Project("{2150E333-8FDC-42A3-9474-1A3956D46DE8}") = "test", "test", "{79E59654-3B17-4421-933E-39DD7721CA1A}"
EndProject
Project("{9A19103F-16F7-4668-BE54-9A1E7A4F7556}") = "E5R.Sdk.Bit.Test", "test\E5R.Sdk.Bit.Test\E5R.Sdk.Bit.Test.csproj", "{A4DC03CD-9EDA-4447-A319-573EA95A062D}"
EndProject
Project("{9A19103F-16F7-4668-BE54-9A1E7A4F7556}") = "E5R.Tools.Bit.Engine", "src\E5R.Tools.Bit.Engine\E5R.Tools.Bit.Engine.csproj", "{902E34B0-D801-4980-A230-072CC8C86159}"
EndProject
Project("{9A19103F-16F7-4668-BE54-9A1E7A4F7556}") = "E5R.Test.Commons", "test\E5R.Test.Commons\E5R.Test.Commons.csproj", "{F9997E8E-CF8A-414A-9F7A-77D1E87CCEEB}"
EndProject
Project("{9A19103F-16F7-4668-BE54-9A1E7A4F7556}") = "E5R.Tools.Bit.Engine.Test", "test\E5R.Tools.Bit.Engine.Test\E5R.Tools.Bit.Engine.Test.csproj", "{320C754D-934F-4527-BC4A-245B575E52DA}"
EndProject
Project("{9A19103F-16F7-4668-BE54-9A1E7A4F7556}") = "E5R.Tools.Bit.Test", "test\E5R.Tools.Bit.Test\E5R.Tools.Bit.Test.csproj", "{52B4BFD1-6AEE-4353-AD30-81464599BC2D}"
EndProject
Global
	GlobalSection(SolutionConfigurationPlatforms) = preSolution
		Debug|Any CPU = Debug|Any CPU
		Debug|x64 = Debug|x64
		Debug|x86 = Debug|x86
		Release|Any CPU = Release|Any CPU
		Release|x64 = Release|x64
		Release|x86 = Release|x86
	EndGlobalSection
	GlobalSection(ProjectConfigurationPlatforms) = postSolution
		{3329F328-85F0-4FFC-B4CB-B4A699616505}.Debug|Any CPU.ActiveCfg = Debug|Any CPU
		{3329F328-85F0-4FFC-B4CB-B4A699616505}.Debug|Any CPU.Build.0 = Debug|Any CPU
		{3329F328-85F0-4FFC-B4CB-B4A699616505}.Debug|x64.ActiveCfg = Debug|Any CPU
		{3329F328-85F0-4FFC-B4CB-B4A699616505}.Debug|x64.Build.0 = Debug|Any CPU
		{3329F328-85F0-4FFC-B4CB-B4A699616505}.Debug|x86.ActiveCfg = Debug|Any CPU
		{3329F328-85F0-4FFC-B4CB-B4A699616505}.Debug|x86.Build.0 = Debug|Any CPU
		{3329F328-85F0-4FFC-B4CB-B4A699616505}.Release|Any CPU.ActiveCfg = Release|Any CPU
		{3329F328-85F0-4FFC-B4CB-B4A699616505}.Release|Any CPU.Build.0 = Release|Any CPU
		{3329F328-85F0-4FFC-B4CB-B4A699616505}.Release|x64.ActiveCfg = Release|Any CPU
		{3329F328-85F0-4FFC-B4CB-B4A699616505}.Release|x64.Build.0 = Release|Any CPU
		{3329F328-85F0-4FFC-B4CB-B4A699616505}.Release|x86.ActiveCfg = Release|Any CPU
		{3329F328-85F0-4FFC-B4CB-B4A699616505}.Release|x86.Build.0 = Release|Any CPU
		{9AE9B86C-D069-49B0-B728-8DA7C8697EF0}.Debug|Any CPU.ActiveCfg = Debug|Any CPU
		{9AE9B86C-D069-49B0-B728-8DA7C8697EF0}.Debug|Any CPU.Build.0 = Debug|Any CPU
		{9AE9B86C-D069-49B0-B728-8DA7C8697EF0}.Debug|x64.ActiveCfg = Debug|Any CPU
		{9AE9B86C-D069-49B0-B728-8DA7C8697EF0}.Debug|x64.Build.0 = Debug|Any CPU
		{9AE9B86C-D069-49B0-B728-8DA7C8697EF0}.Debug|x86.ActiveCfg = Debug|Any CPU
		{9AE9B86C-D069-49B0-B728-8DA7C8697EF0}.Debug|x86.Build.0 = Debug|Any CPU
		{9AE9B86C-D069-49B0-B728-8DA7C8697EF0}.Release|Any CPU.ActiveCfg = Release|Any CPU
		{9AE9B86C-D069-49B0-B728-8DA7C8697EF0}.Release|Any CPU.Build.0 = Release|Any CPU
		{9AE9B86C-D069-49B0-B728-8DA7C8697EF0}.Release|x64.ActiveCfg = Release|Any CPU
		{9AE9B86C-D069-49B0-B728-8DA7C8697EF0}.Release|x64.Build.0 = Release|Any CPU
		{9AE9B86C-D069-49B0-B728-8DA7C8697EF0}.Release|x86.ActiveCfg = Release|Any CPU
		{9AE9B86C-D069-49B0-B728-8DA7C8697EF0}.Release|x86.Build.0 = Release|Any CPU
		{A4DC03CD-9EDA-4447-A319-573EA95A062D}.Debug|Any CPU.ActiveCfg = Debug|Any CPU
		{A4DC03CD-9EDA-4447-A319-573EA95A062D}.Debug|Any CPU.Build.0 = Debug|Any CPU
		{A4DC03CD-9EDA-4447-A319-573EA95A062D}.Debug|x64.ActiveCfg = Debug|Any CPU
		{A4DC03CD-9EDA-4447-A319-573EA95A062D}.Debug|x64.Build.0 = Debug|Any CPU
		{A4DC03CD-9EDA-4447-A319-573EA95A062D}.Debug|x86.ActiveCfg = Debug|Any CPU
		{A4DC03CD-9EDA-4447-A319-573EA95A062D}.Debug|x86.Build.0 = Debug|Any CPU
		{A4DC03CD-9EDA-4447-A319-573EA95A062D}.Release|Any CPU.ActiveCfg = Release|Any CPU
		{A4DC03CD-9EDA-4447-A319-573EA95A062D}.Release|Any CPU.Build.0 = Release|Any CPU
		{A4DC03CD-9EDA-4447-A319-573EA95A062D}.Release|x64.ActiveCfg = Release|Any CPU
		{A4DC03CD-9EDA-4447-A319-573EA95A062D}.Release|x64.Build.0 = Release|Any CPU
		{A4DC03CD-9EDA-4447-A319-573EA95A062D}.Release|x86.ActiveCfg = Release|Any CPU
		{A4DC03CD-9EDA-4447-A319-573EA95A062D}.Release|x86.Build.0 = Release|Any CPU
		{902E34B0-D801-4980-A230-072CC8C86159}.Debug|Any CPU.ActiveCfg = Debug|Any CPU
		{902E34B0-D801-4980-A230-072CC8C86159}.Debug|Any CPU.Build.0 = Debug|Any CPU
		{902E34B0-D801-4980-A230-072CC8C86159}.Debug|x64.ActiveCfg = Debug|Any CPU
		{902E34B0-D801-4980-A230-072CC8C86159}.Debug|x64.Build.0 = Debug|Any CPU
		{902E34B0-D801-4980-A230-072CC8C86159}.Debug|x86.ActiveCfg = Debug|Any CPU
		{902E34B0-D801-4980-A230-072CC8C86159}.Debug|x86.Build.0 = Debug|Any CPU
		{902E34B0-D801-4980-A230-072CC8C86159}.Release|Any CPU.ActiveCfg = Release|Any CPU
		{902E34B0-D801-4980-A230-072CC8C86159}.Release|Any CPU.Build.0 = Release|Any CPU
		{902E34B0-D801-4980-A230-072CC8C86159}.Release|x64.ActiveCfg = Release|Any CPU
		{902E34B0-D801-4980-A230-072CC8C86159}.Release|x64.Build.0 = Release|Any CPU
		{902E34B0-D801-4980-A230-072CC8C86159}.Release|x86.ActiveCfg = Release|Any CPU
		{902E34B0-D801-4980-A230-072CC8C86159}.Release|x86.Build.0 = Release|Any CPU
		{F9997E8E-CF8A-414A-9F7A-77D1E87CCEEB}.Debug|Any CPU.ActiveCfg = Debug|Any CPU
		{F9997E8E-CF8A-414A-9F7A-77D1E87CCEEB}.Debug|Any CPU.Build.0 = Debug|Any CPU
		{F9997E8E-CF8A-414A-9F7A-77D1E87CCEEB}.Debug|x64.ActiveCfg = Debug|Any CPU
		{F9997E8E-CF8A-414A-9F7A-77D1E87CCEEB}.Debug|x64.Build.0 = Debug|Any CPU
		{F9997E8E-CF8A-414A-9F7A-77D1E87CCEEB}.Debug|x86.ActiveCfg = Debug|Any CPU
		{F9997E8E-CF8A-414A-9F7A-77D1E87CCEEB}.Debug|x86.Build.0 = Debug|Any CPU
		{F9997E8E-CF8A-414A-9F7A-77D1E87CCEEB}.Release|Any CPU.ActiveCfg = Release|Any CPU
		{F9997E8E-CF8A-414A-9F7A-77D1E87CCEEB}.Release|Any CPU.Build.0 = Release|Any CPU
		{F9997E8E-CF8A-414A-9F7A-77D1E87CCEEB}.Release|x64.ActiveCfg = Release|Any CPU
		{F9997E8E-CF8A-414A-9F7A-77D1E87CCEEB}.Release|x64.Build.0 = Release|Any CPU
		{F9997E8E-CF8A-414A-9F7A-77D1E87CCEEB}.Release|x86.ActiveCfg = Release|Any CPU
		{F9997E8E-CF8A-414A-9F7A-77D1E87CCEEB}.Release|x86.Build.0 = Release|Any CPU
		{320C754D-934F-4527-BC4A-245B575E52DA}.Debug|Any CPU.ActiveCfg = Debug|Any CPU
		{320C754D-934F-4527-BC4A-245B575E52DA}.Debug|Any CPU.Build.0 = Debug|Any CPU
		{320C754D-934F-4527-BC4A-245B575E52DA}.Debug|x64.ActiveCfg = Debug|Any CPU
		{320C754D-934F-4527-BC4A-245B575E52DA}.Debug|x64.Build.0 = Debug|Any CPU
		{320C754D-934F-4527-BC4A-245B575E52DA}.Debug|x86.ActiveCfg = Debug|Any CPU
		{320C754D-934F-4527-BC4A-245B575E52DA}.Debug|x86.Build.0 = Debug|Any CPU
		{320C754D-934F-4527-BC4A-245B575E52DA}.Release|Any CPU.ActiveCfg = Release|Any CPU
		{320C754D-934F-4527-BC4A-245B575E52DA}.Release|Any CPU.Build.0 = Release|Any CPU
		{320C754D-934F-4527-BC4A-245B575E52DA}.Release|x64.ActiveCfg = Release|Any CPU
		{320C754D-934F-4527-BC4A-245B575E52DA}.Release|x64.Build.0 = Release|Any CPU
		{320C754D-934F-4527-BC4A-245B575E52DA}.Release|x86.ActiveCfg = Release|Any CPU
		{320C754D-934F-4527-BC4A-245B575E52DA}.Release|x86.Build.0 = Release|Any CPU
		{52B4BFD1-6AEE-4353-AD30-81464599BC2D}.Debug|Any CPU.ActiveCfg = Debug|Any CPU
		{52B4BFD1-6AEE-4353-AD30-81464599BC2D}.Debug|Any CPU.Build.0 = Debug|Any CPU
		{52B4BFD1-6AEE-4353-AD30-81464599BC2D}.Debug|x64.ActiveCfg = Debug|Any CPU
		{52B4BFD1-6AEE-4353-AD30-81464599BC2D}.Debug|x64.Build.0 = Debug|Any CPU
		{52B4BFD1-6AEE-4353-AD30-81464599BC2D}.Debug|x86.ActiveCfg = Debug|Any CPU
		{52B4BFD1-6AEE-4353-AD30-81464599BC2D}.Debug|x86.Build.0 = Debug|Any CPU
		{52B4BFD1-6AEE-4353-AD30-81464599BC2D}.Release|Any CPU.ActiveCfg = Release|Any CPU
		{52B4BFD1-6AEE-4353-AD30-81464599BC2D}.Release|Any CPU.Build.0 = Release|Any CPU
		{52B4BFD1-6AEE-4353-AD30-81464599BC2D}.Release|x64.ActiveCfg = Release|Any CPU
		{52B4BFD1-6AEE-4353-AD30-81464599BC2D}.Release|x64.Build.0 = Release|Any CPU
		{52B4BFD1-6AEE-4353-AD30-81464599BC2D}.Release|x86.ActiveCfg = Release|Any CPU
		{52B4BFD1-6AEE-4353-AD30-81464599BC2D}.Release|x86.Build.0 = Release|Any CPU
	EndGlobalSection
	GlobalSection(SolutionProperties) = preSolution
		HideSolutionNode = FALSE
	EndGlobalSection
	GlobalSection(NestedProjects) = preSolution
		{3329F328-85F0-4FFC-B4CB-B4A699616505} = {757B1FB9-A488-4790-ACA9-026E7D530570}
		{9AE9B86C-D069-49B0-B728-8DA7C8697EF0} = {757B1FB9-A488-4790-ACA9-026E7D530570}
		{A4DC03CD-9EDA-4447-A319-573EA95A062D} = {79E59654-3B17-4421-933E-39DD7721CA1A}
		{902E34B0-D801-4980-A230-072CC8C86159} = {757B1FB9-A488-4790-ACA9-026E7D530570}
		{F9997E8E-CF8A-414A-9F7A-77D1E87CCEEB} = {79E59654-3B17-4421-933E-39DD7721CA1A}
		{320C754D-934F-4527-BC4A-245B575E52DA} = {79E59654-3B17-4421-933E-39DD7721CA1A}
		{52B4BFD1-6AEE-4353-AD30-81464599BC2D} = {79E59654-3B17-4421-933E-39DD7721CA1A}
	EndGlobalSection
	GlobalSection(ExtensibilityGlobals) = postSolution
		SolutionGuid = {5D66A9D9-09EB-4320-A1C7-F1DABB7AFDCB}
	EndGlobalSection
EndGlobal
